// !$*UTF8*$!
{
	archiveVersion = 1;
	classes = {
	};
	objectVersion = 50;
	objects = {

/* Begin PBXBuildFile section */
		6050E9F024E1D5EF0088A1C9 /* AppDelegate.swift in Sources */ = {isa = PBXBuildFile; fileRef = 6050E9EF24E1D5EF0088A1C9 /* AppDelegate.swift */; };
		6050E9F224E1D5EF0088A1C9 /* SceneDelegate.swift in Sources */ = {isa = PBXBuildFile; fileRef = 6050E9F124E1D5EF0088A1C9 /* SceneDelegate.swift */; };
		6050E9F424E1D5EF0088A1C9 /* ViewController.swift in Sources */ = {isa = PBXBuildFile; fileRef = 6050E9F324E1D5EF0088A1C9 /* ViewController.swift */; };
		6050E9F724E1D5EF0088A1C9 /* Main.storyboard in Resources */ = {isa = PBXBuildFile; fileRef = 6050E9F524E1D5EF0088A1C9 /* Main.storyboard */; };
		6050E9F924E1D5F00088A1C9 /* Assets.xcassets in Resources */ = {isa = PBXBuildFile; fileRef = 6050E9F824E1D5F00088A1C9 /* Assets.xcassets */; };
		6050E9FC24E1D5F00088A1C9 /* LaunchScreen.storyboard in Resources */ = {isa = PBXBuildFile; fileRef = 6050E9FA24E1D5F00088A1C9 /* LaunchScreen.storyboard */; };
		6050EA0724E1D5F00088A1C9 /* VideoFeedTests.swift in Sources */ = {isa = PBXBuildFile; fileRef = 6050EA0624E1D5F00088A1C9 /* VideoFeedTests.swift */; };
		6050EA1224E1D5F00088A1C9 /* VideoFeedUITests.swift in Sources */ = {isa = PBXBuildFile; fileRef = 6050EA1124E1D5F00088A1C9 /* VideoFeedUITests.swift */; };
		65B68402DA54DE31C01A13EA /* VideoModel.swift in Sources */ = {isa = PBXBuildFile; fileRef = 65B68F9E98069F34A61D622C /* VideoModel.swift */; };
		65B687BF47221177FED2F99B /* VideoCollectionViewCell.swift in Sources */ = {isa = PBXBuildFile; fileRef = 65B685B99046594201F32EFB /* VideoCollectionViewCell.swift */; };
/* End PBXBuildFile section */

/* Begin PBXContainerItemProxy section */
		6050EA0324E1D5F00088A1C9 /* PBXContainerItemProxy */ = {
			isa = PBXContainerItemProxy;
			containerPortal = 6050E9E424E1D5EE0088A1C9 /* Project object */;
			proxyType = 1;
			remoteGlobalIDString = 6050E9EB24E1D5EE0088A1C9;
			remoteInfo = VideoFeed;
		};
		6050EA0E24E1D5F00088A1C9 /* PBXContainerItemProxy */ = {
			isa = PBXContainerItemProxy;
			containerPortal = 6050E9E424E1D5EE0088A1C9 /* Project object */;
			proxyType = 1;
			remoteGlobalIDString = 6050E9EB24E1D5EE0088A1C9;
			remoteInfo = VideoFeed;
		};
/* End PBXContainerItemProxy section */

/* Begin PBXFileReference section */
		6050E9EC24E1D5EF0088A1C9 /* VideoFeed.app */ = {isa = PBXFileReference; explicitFileType = wrapper.application; includeInIndex = 0; path = VideoFeed.app; sourceTree = BUILT_PRODUCTS_DIR; };
		6050E9EF24E1D5EF0088A1C9 /* AppDelegate.swift */ = {isa = PBXFileReference; lastKnownFileType = sourcecode.swift; path = AppDelegate.swift; sourceTree = "<group>"; };
		6050E9F124E1D5EF0088A1C9 /* SceneDelegate.swift */ = {isa = PBXFileReference; lastKnownFileType = sourcecode.swift; path = SceneDelegate.swift; sourceTree = "<group>"; };
		6050E9F324E1D5EF0088A1C9 /* ViewController.swift */ = {isa = PBXFileReference; lastKnownFileType = sourcecode.swift; path = ViewController.swift; sourceTree = "<group>"; };
		6050E9F624E1D5EF0088A1C9 /* Base */ = {isa = PBXFileReference; lastKnownFileType = file.storyboard; name = Base; path = Base.lproj/Main.storyboard; sourceTree = "<group>"; };
		6050E9F824E1D5F00088A1C9 /* Assets.xcassets */ = {isa = PBXFileReference; lastKnownFileType = folder.assetcatalog; path = Assets.xcassets; sourceTree = "<group>"; };
		6050E9FB24E1D5F00088A1C9 /* Base */ = {isa = PBXFileReference; lastKnownFileType = file.storyboard; name = Base; path = Base.lproj/LaunchScreen.storyboard; sourceTree = "<group>"; };
		6050E9FD24E1D5F00088A1C9 /* Info.plist */ = {isa = PBXFileReference; lastKnownFileType = text.plist.xml; path = Info.plist; sourceTree = "<group>"; };
		6050EA0224E1D5F00088A1C9 /* VideoFeedTests.xctest */ = {isa = PBXFileReference; explicitFileType = wrapper.cfbundle; includeInIndex = 0; path = VideoFeedTests.xctest; sourceTree = BUILT_PRODUCTS_DIR; };
		6050EA0624E1D5F00088A1C9 /* VideoFeedTests.swift */ = {isa = PBXFileReference; lastKnownFileType = sourcecode.swift; path = VideoFeedTests.swift; sourceTree = "<group>"; };
		6050EA0824E1D5F00088A1C9 /* Info.plist */ = {isa = PBXFileReference; lastKnownFileType = text.plist.xml; path = Info.plist; sourceTree = "<group>"; };
		6050EA0D24E1D5F00088A1C9 /* VideoFeedUITests.xctest */ = {isa = PBXFileReference; explicitFileType = wrapper.cfbundle; includeInIndex = 0; path = VideoFeedUITests.xctest; sourceTree = BUILT_PRODUCTS_DIR; };
		6050EA1124E1D5F00088A1C9 /* VideoFeedUITests.swift */ = {isa = PBXFileReference; lastKnownFileType = sourcecode.swift; path = VideoFeedUITests.swift; sourceTree = "<group>"; };
		6050EA1324E1D5F00088A1C9 /* Info.plist */ = {isa = PBXFileReference; lastKnownFileType = text.plist.xml; path = Info.plist; sourceTree = "<group>"; };
		65B685B99046594201F32EFB /* VideoCollectionViewCell.swift */ = {isa = PBXFileReference; fileEncoding = 4; lastKnownFileType = sourcecode.swift; path = VideoCollectionViewCell.swift; sourceTree = "<group>"; };
		65B68F9E98069F34A61D622C /* VideoModel.swift */ = {isa = PBXFileReference; fileEncoding = 4; lastKnownFileType = sourcecode.swift; path = VideoModel.swift; sourceTree = "<group>"; };
/* End PBXFileReference section */

/* Begin PBXFrameworksBuildPhase section */
		6050E9E924E1D5EE0088A1C9 /* Frameworks */ = {
			isa = PBXFrameworksBuildPhase;
			buildActionMask = 2147483647;
			files = (
			);
			runOnlyForDeploymentPostprocessing = 0;
		};
		6050E9FF24E1D5F00088A1C9 /* Frameworks */ = {
			isa = PBXFrameworksBuildPhase;
			buildActionMask = 2147483647;
			files = (
			);
			runOnlyForDeploymentPostprocessing = 0;
		};
		6050EA0A24E1D5F00088A1C9 /* Frameworks */ = {
			isa = PBXFrameworksBuildPhase;
			buildActionMask = 2147483647;
			files = (
			);
			runOnlyForDeploymentPostprocessing = 0;
		};
/* End PBXFrameworksBuildPhase section */

/* Begin PBXGroup section */
		6050E9E324E1D5EE0088A1C9 = {
			isa = PBXGroup;
			children = (
				6050E9EE24E1D5EF0088A1C9 /* VideoFeed */,
				6050EA0524E1D5F00088A1C9 /* VideoFeedTests */,
				6050EA1024E1D5F00088A1C9 /* VideoFeedUITests */,
				6050E9ED24E1D5EF0088A1C9 /* Products */,
			);
			sourceTree = "<group>";
		};
		6050E9ED24E1D5EF0088A1C9 /* Products */ = {
			isa = PBXGroup;
			children = (
				6050E9EC24E1D5EF0088A1C9 /* VideoFeed.app */,
				6050EA0224E1D5F00088A1C9 /* VideoFeedTests.xctest */,
				6050EA0D24E1D5F00088A1C9 /* VideoFeedUITests.xctest */,
			);
			name = Products;
			sourceTree = "<group>";
		};
		6050E9EE24E1D5EF0088A1C9 /* VideoFeed */ = {
			isa = PBXGroup;
			children = (
				6050E9EF24E1D5EF0088A1C9 /* AppDelegate.swift */,
				6050E9F124E1D5EF0088A1C9 /* SceneDelegate.swift */,
				6050E9F324E1D5EF0088A1C9 /* ViewController.swift */,
				6050E9F524E1D5EF0088A1C9 /* Main.storyboard */,
				6050E9F824E1D5F00088A1C9 /* Assets.xcassets */,
				6050E9FA24E1D5F00088A1C9 /* LaunchScreen.storyboard */,
				6050E9FD24E1D5F00088A1C9 /* Info.plist */,
				65B685B99046594201F32EFB /* VideoCollectionViewCell.swift */,
				65B68F9E98069F34A61D622C /* VideoModel.swift */,
			);
			path = VideoFeed;
			sourceTree = "<group>";
		};
		6050EA0524E1D5F00088A1C9 /* VideoFeedTests */ = {
			isa = PBXGroup;
			children = (
				6050EA0624E1D5F00088A1C9 /* VideoFeedTests.swift */,
				6050EA0824E1D5F00088A1C9 /* Info.plist */,
			);
			path = VideoFeedTests;
			sourceTree = "<group>";
		};
		6050EA1024E1D5F00088A1C9 /* VideoFeedUITests */ = {
			isa = PBXGroup;
			children = (
				6050EA1124E1D5F00088A1C9 /* VideoFeedUITests.swift */,
				6050EA1324E1D5F00088A1C9 /* Info.plist */,
			);
			path = VideoFeedUITests;
			sourceTree = "<group>";
		};
/* End PBXGroup section */

/* Begin PBXNativeTarget section */
		6050E9EB24E1D5EE0088A1C9 /* VideoFeed */ = {
			isa = PBXNativeTarget;
			buildConfigurationList = 6050EA1624E1D5F00088A1C9 /* Build configuration list for PBXNativeTarget "VideoFeed" */;
			buildPhases = (
				6050E9E824E1D5EE0088A1C9 /* Sources */,
				6050E9E924E1D5EE0088A1C9 /* Frameworks */,
				6050E9EA24E1D5EE0088A1C9 /* Resources */,
			);
			buildRules = (
			);
			dependencies = (
			);
			name = VideoFeed;
			productName = VideoFeed;
			productReference = 6050E9EC24E1D5EF0088A1C9 /* VideoFeed.app */;
			productType = "com.apple.product-type.application";
		};
		6050EA0124E1D5F00088A1C9 /* VideoFeedTests */ = {
			isa = PBXNativeTarget;
			buildConfigurationList = 6050EA1924E1D5F00088A1C9 /* Build configuration list for PBXNativeTarget "VideoFeedTests" */;
			buildPhases = (
				6050E9FE24E1D5F00088A1C9 /* Sources */,
				6050E9FF24E1D5F00088A1C9 /* Frameworks */,
				6050EA0024E1D5F00088A1C9 /* Resources */,
			);
			buildRules = (
			);
			dependencies = (
				6050EA0424E1D5F00088A1C9 /* PBXTargetDependency */,
			);
			name = VideoFeedTests;
			productName = VideoFeedTests;
			productReference = 6050EA0224E1D5F00088A1C9 /* VideoFeedTests.xctest */;
			productType = "com.apple.product-type.bundle.unit-test";
		};
		6050EA0C24E1D5F00088A1C9 /* VideoFeedUITests */ = {
			isa = PBXNativeTarget;
			buildConfigurationList = 6050EA1C24E1D5F00088A1C9 /* Build configuration list for PBXNativeTarget "VideoFeedUITests" */;
			buildPhases = (
				6050EA0924E1D5F00088A1C9 /* Sources */,
				6050EA0A24E1D5F00088A1C9 /* Frameworks */,
				6050EA0B24E1D5F00088A1C9 /* Resources */,
			);
			buildRules = (
			);
			dependencies = (
				6050EA0F24E1D5F00088A1C9 /* PBXTargetDependency */,
			);
			name = VideoFeedUITests;
			productName = VideoFeedUITests;
			productReference = 6050EA0D24E1D5F00088A1C9 /* VideoFeedUITests.xctest */;
			productType = "com.apple.product-type.bundle.ui-testing";
		};
/* End PBXNativeTarget section */

/* Begin PBXProject section */
		6050E9E424E1D5EE0088A1C9 /* Project object */ = {
			isa = PBXProject;
			attributes = {
				LastSwiftUpdateCheck = 1130;
				LastUpgradeCheck = 1130;
				ORGANIZATIONNAME = "Francisco Cardelle";
				TargetAttributes = {
					6050E9EB24E1D5EE0088A1C9 = {
						CreatedOnToolsVersion = 11.3.1;
					};
					6050EA0124E1D5F00088A1C9 = {
						CreatedOnToolsVersion = 11.3.1;
						TestTargetID = 6050E9EB24E1D5EE0088A1C9;
					};
					6050EA0C24E1D5F00088A1C9 = {
						CreatedOnToolsVersion = 11.3.1;
						TestTargetID = 6050E9EB24E1D5EE0088A1C9;
					};
				};
			};
			buildConfigurationList = 6050E9E724E1D5EE0088A1C9 /* Build configuration list for PBXProject "VideoFeed" */;
			compatibilityVersion = "Xcode 9.3";
			developmentRegion = en;
			hasScannedForEncodings = 0;
			knownRegions = (
				en,
				Base,
			);
			mainGroup = 6050E9E324E1D5EE0088A1C9;
			productRefGroup = 6050E9ED24E1D5EF0088A1C9 /* Products */;
			projectDirPath = "";
			projectRoot = "";
			targets = (
				6050E9EB24E1D5EE0088A1C9 /* VideoFeed */,
				6050EA0124E1D5F00088A1C9 /* VideoFeedTests */,
				6050EA0C24E1D5F00088A1C9 /* VideoFeedUITests */,
			);
		};
/* End PBXProject section */

/* Begin PBXResourcesBuildPhase section */
		6050E9EA24E1D5EE0088A1C9 /* Resources */ = {
			isa = PBXResourcesBuildPhase;
			buildActionMask = 2147483647;
			files = (
				6050E9FC24E1D5F00088A1C9 /* LaunchScreen.storyboard in Resources */,
				6050E9F924E1D5F00088A1C9 /* Assets.xcassets in Resources */,
				6050E9F724E1D5EF0088A1C9 /* Main.storyboard in Resources */,
			);
			runOnlyForDeploymentPostprocessing = 0;
		};
		6050EA0024E1D5F00088A1C9 /* Resources */ = {
			isa = PBXResourcesBuildPhase;
			buildActionMask = 2147483647;
			files = (
			);
			runOnlyForDeploymentPostprocessing = 0;
		};
		6050EA0B24E1D5F00088A1C9 /* Resources */ = {
			isa = PBXResourcesBuildPhase;
			buildActionMask = 2147483647;
			files = (
			);
			runOnlyForDeploymentPostprocessing = 0;
		};
/* End PBXResourcesBuildPhase section */

/* Begin PBXSourcesBuildPhase section */
		6050E9E824E1D5EE0088A1C9 /* Sources */ = {
			isa = PBXSourcesBuildPhase;
			buildActionMask = 2147483647;
			files = (
				6050E9F424E1D5EF0088A1C9 /* ViewController.swift in Sources */,
				6050E9F024E1D5EF0088A1C9 /* AppDelegate.swift in Sources */,
				6050E9F224E1D5EF0088A1C9 /* SceneDelegate.swift in Sources */,
				65B687BF47221177FED2F99B /* VideoCollectionViewCell.swift in Sources */,
				65B68402DA54DE31C01A13EA /* VideoModel.swift in Sources */,
			);
			runOnlyForDeploymentPostprocessing = 0;
		};
		6050E9FE24E1D5F00088A1C9 /* Sources */ = {
			isa = PBXSourcesBuildPhase;
			buildActionMask = 2147483647;
			files = (
				6050EA0724E1D5F00088A1C9 /* VideoFeedTests.swift in Sources */,
			);
			runOnlyForDeploymentPostprocessing = 0;
		};
		6050EA0924E1D5F00088A1C9 /* Sources */ = {
			isa = PBXSourcesBuildPhase;
			buildActionMask = 2147483647;
			files = (
				6050EA1224E1D5F00088A1C9 /* VideoFeedUITests.swift in Sources */,
			);
			runOnlyForDeploymentPostprocessing = 0;
		};
/* End PBXSourcesBuildPhase section */

/* Begin PBXTargetDependency section */
		6050EA0424E1D5F00088A1C9 /* PBXTargetDependency */ = {
			isa = PBXTargetDependency;
			target = 6050E9EB24E1D5EE0088A1C9 /* VideoFeed */;
			targetProxy = 6050EA0324E1D5F00088A1C9 /* PBXContainerItemProxy */;
		};
		6050EA0F24E1D5F00088A1C9 /* PBXTargetDependency */ = {
			isa = PBXTargetDependency;
			target = 6050E9EB24E1D5EE0088A1C9 /* VideoFeed */;
			targetProxy = 6050EA0E24E1D5F00088A1C9 /* PBXContainerItemProxy */;
		};
/* End PBXTargetDependency section */

/* Begin PBXVariantGroup section */
		6050E9F524E1D5EF0088A1C9 /* Main.storyboard */ = {
			isa = PBXVariantGroup;
			children = (
				6050E9F624E1D5EF0088A1C9 /* Base */,
			);
			name = Main.storyboard;
			sourceTree = "<group>";
		};
		6050E9FA24E1D5F00088A1C9 /* LaunchScreen.storyboard */ = {
			isa = PBXVariantGroup;
			children = (
				6050E9FB24E1D5F00088A1C9 /* Base */,
			);
			name = LaunchScreen.storyboard;
			sourceTree = "<group>";
		};
/* End PBXVariantGroup section */

/* Begin XCBuildConfiguration section */
		6050EA1424E1D5F00088A1C9 /* Debug */ = {
			isa = XCBuildConfiguration;
			buildSettings = {
				ALWAYS_SEARCH_USER_PATHS = NO;
				CLANG_ANALYZER_NONNULL = YES;
				CLANG_ANALYZER_NUMBER_OBJECT_CONVERSION = YES_AGGRESSIVE;
				CLANG_CXX_LANGUAGE_STANDARD = "gnu++14";
				CLANG_CXX_LIBRARY = "libc++";
				CLANG_ENABLE_MODULES = YES;
				CLANG_ENABLE_OBJC_ARC = YES;
				CLANG_ENABLE_OBJC_WEAK = YES;
				CLANG_WARN_BLOCK_CAPTURE_AUTORELEASING = YES;
				CLANG_WARN_BOOL_CONVERSION = YES;
				CLANG_WARN_COMMA = YES;
				CLANG_WARN_CONSTANT_CONVERSION = YES;
				CLANG_WARN_DEPRECATED_OBJC_IMPLEMENTATIONS = YES;
				CLANG_WARN_DIRECT_OBJC_ISA_USAGE = YES_ERROR;
				CLANG_WARN_DOCUMENTATION_COMMENTS = YES;
				CLANG_WARN_EMPTY_BODY = YES;
				CLANG_WARN_ENUM_CONVERSION = YES;
				CLANG_WARN_INFINITE_RECURSION = YES;
				CLANG_WARN_INT_CONVERSION = YES;
				CLANG_WARN_NON_LITERAL_NULL_CONVERSION = YES;
				CLANG_WARN_OBJC_IMPLICIT_RETAIN_SELF = YES;
				CLANG_WARN_OBJC_LITERAL_CONVERSION = YES;
				CLANG_WARN_OBJC_ROOT_CLASS = YES_ERROR;
				CLANG_WARN_RANGE_LOOP_ANALYSIS = YES;
				CLANG_WARN_STRICT_PROTOTYPES = YES;
				CLANG_WARN_SUSPICIOUS_MOVE = YES;
				CLANG_WARN_UNGUARDED_AVAILABILITY = YES_AGGRESSIVE;
				CLANG_WARN_UNREACHABLE_CODE = YES;
				CLANG_WARN__DUPLICATE_METHOD_MATCH = YES;
				COPY_PHASE_STRIP = NO;
				DEBUG_INFORMATION_FORMAT = dwarf;
				ENABLE_STRICT_OBJC_MSGSEND = YES;
				ENABLE_TESTABILITY = YES;
				GCC_C_LANGUAGE_STANDARD = gnu11;
				GCC_DYNAMIC_NO_PIC = NO;
				GCC_NO_COMMON_BLOCKS = YES;
				GCC_OPTIMIZATION_LEVEL = 0;
				GCC_PREPROCESSOR_DEFINITIONS = (
					"DEBUG=1",
					"$(inherited)",
				);
				GCC_WARN_64_TO_32_BIT_CONVERSION = YES;
				GCC_WARN_ABOUT_RETURN_TYPE = YES_ERROR;
				GCC_WARN_UNDECLARED_SELECTOR = YES;
				GCC_WARN_UNINITIALIZED_AUTOS = YES_AGGRESSIVE;
				GCC_WARN_UNUSED_FUNCTION = YES;
				GCC_WARN_UNUSED_VARIABLE = YES;
				IPHONEOS_DEPLOYMENT_TARGET = 13.2;
				MTL_ENABLE_DEBUG_INFO = INCLUDE_SOURCE;
				MTL_FAST_MATH = YES;
				ONLY_ACTIVE_ARCH = YES;
				SDKROOT = iphoneos;
				SWIFT_ACTIVE_COMPILATION_CONDITIONS = DEBUG;
				SWIFT_OPTIMIZATION_LEVEL = "-Onone";
			};
			name = Debug;
		};
		6050EA1524E1D5F00088A1C9 /* Release */ = {
			isa = XCBuildConfiguration;
			buildSettings = {
				ALWAYS_SEARCH_USER_PATHS = NO;
				CLANG_ANALYZER_NONNULL = YES;
				CLANG_ANALYZER_NUMBER_OBJECT_CONVERSION = YES_AGGRESSIVE;
				CLANG_CXX_LANGUAGE_STANDARD = "gnu++14";
				CLANG_CXX_LIBRARY = "libc++";
				CLANG_ENABLE_MODULES = YES;
				CLANG_ENABLE_OBJC_ARC = YES;
				CLANG_ENABLE_OBJC_WEAK = YES;
				CLANG_WARN_BLOCK_CAPTURE_AUTORELEASING = YES;
				CLANG_WARN_BOOL_CONVERSION = YES;
				CLANG_WARN_COMMA = YES;
				CLANG_WARN_CONSTANT_CONVERSION = YES;
				CLANG_WARN_DEPRECATED_OBJC_IMPLEMENTATIONS = YES;
				CLANG_WARN_DIRECT_OBJC_ISA_USAGE = YES_ERROR;
				CLANG_WARN_DOCUMENTATION_COMMENTS = YES;
				CLANG_WARN_EMPTY_BODY = YES;
				CLANG_WARN_ENUM_CONVERSION = YES;
				CLANG_WARN_INFINITE_RECURSION = YES;
				CLANG_WARN_INT_CONVERSION = YES;
				CLANG_WARN_NON_LITERAL_NULL_CONVERSION = YES;
				CLANG_WARN_OBJC_IMPLICIT_RETAIN_SELF = YES;
				CLANG_WARN_OBJC_LITERAL_CONVERSION = YES;
				CLANG_WARN_OBJC_ROOT_CLASS = YES_ERROR;
				CLANG_WARN_RANGE_LOOP_ANALYSIS = YES;
				CLANG_WARN_STRICT_PROTOTYPES = YES;
				CLANG_WARN_SUSPICIOUS_MOVE = YES;
				CLANG_WARN_UNGUARDED_AVAILABILITY = YES_AGGRESSIVE;
				CLANG_WARN_UNREACHABLE_CODE = YES;
				CLANG_WARN__DUPLICATE_METHOD_MATCH = YES;
				COPY_PHASE_STRIP = NO;
				DEBUG_INFORMATION_FORMAT = "dwarf-with-dsym";
				ENABLE_NS_ASSERTIONS = NO;
				ENABLE_STRICT_OBJC_MSGSEND = YES;
				GCC_C_LANGUAGE_STANDARD = gnu11;
				GCC_NO_COMMON_BLOCKS = YES;
				GCC_WARN_64_TO_32_BIT_CONVERSION = YES;
				GCC_WARN_ABOUT_RETURN_TYPE = YES_ERROR;
				GCC_WARN_UNDECLARED_SELECTOR = YES;
				GCC_WARN_UNINITIALIZED_AUTOS = YES_AGGRESSIVE;
				GCC_WARN_UNUSED_FUNCTION = YES;
				GCC_WARN_UNUSED_VARIABLE = YES;
				IPHONEOS_DEPLOYMENT_TARGET = 13.2;
				MTL_ENABLE_DEBUG_INFO = NO;
				MTL_FAST_MATH = YES;
				SDKROOT = iphoneos;
				SWIFT_COMPILATION_MODE = wholemodule;
				SWIFT_OPTIMIZATION_LEVEL = "-O";
				VALIDATE_PRODUCT = YES;
			};
			name = Release;
		};
		6050EA1724E1D5F00088A1C9 /* Debug */ = {
			isa = XCBuildConfiguration;
			buildSettings = {
				ASSETCATALOG_COMPILER_APPICON_NAME = AppIcon;
				CODE_SIGN_STYLE = Automatic;
				INFOPLIST_FILE = VideoFeed/Info.plist;
				LD_RUNPATH_SEARCH_PATHS = (
					"$(inherited)",
					"@executable_path/Frameworks",
				);
				PRODUCT_BUNDLE_IDENTIFIER = com.franciscocardelle.VideoFeed;
				PRODUCT_NAME = "$(TARGET_NAME)";
				SWIFT_VERSION = 5.0;
				TARGETED_DEVICE_FAMILY = "1,2";
			};
			name = Debug;
		};
		6050EA1824E1D5F00088A1C9 /* Release */ = {
			isa = XCBuildConfiguration;
			buildSettings = {
				ASSETCATALOG_COMPILER_APPICON_NAME = AppIcon;
				CODE_SIGN_STYLE = Automatic;
				INFOPLIST_FILE = VideoFeed/Info.plist;
				LD_RUNPATH_SEARCH_PATHS = (
					"$(inherited)",
					"@executable_path/Frameworks",
				);
				PRODUCT_BUNDLE_IDENTIFIER = com.franciscocardelle.VideoFeed;
				PRODUCT_NAME = "$(TARGET_NAME)";
				SWIFT_VERSION = 5.0;
				TARGETED_DEVICE_FAMILY = "1,2";
			};
			name = Release;
		};
		6050EA1A24E1D5F00088A1C9 /* Debug */ = {
			isa = XCBuildConfiguration;
			buildSettings = {
				ALWAYS_EMBED_SWIFT_STANDARD_LIBRARIES = YES;
				BUNDLE_LOADER = "$(TEST_HOST)";
				CODE_SIGN_STYLE = Automatic;
				INFOPLIST_FILE = VideoFeedTests/Info.plist;
				IPHONEOS_DEPLOYMENT_TARGET = 13.2;
				LD_RUNPATH_SEARCH_PATHS = (
					"$(inherited)",
					"@executable_path/Frameworks",
					"@loader_path/Frameworks",
				);
				PRODUCT_BUNDLE_IDENTIFIER = com.franciscocardelle.VideoFeedTests;
				PRODUCT_NAME = "$(TARGET_NAME)";
				SWIFT_VERSION = 5.0;
				TARGETED_DEVICE_FAMILY = "1,2";
				TEST_HOST = "$(BUILT_PRODUCTS_DIR)/VideoFeed.app/VideoFeed";
			};
			name = Debug;
		};
		6050EA1B24E1D5F00088A1C9 /* Release */ = {
			isa = XCBuildConfiguration;
			buildSettings = {
				ALWAYS_EMBED_SWIFT_STANDARD_LIBRARIES = YES;
				BUNDLE_LOADER = "$(TEST_HOST)";
				CODE_SIGN_STYLE = Automatic;
				INFOPLIST_FILE = VideoFeedTests/Info.plist;
				IPHONEOS_DEPLOYMENT_TARGET = 13.2;
				LD_RUNPATH_SEARCH_PATHS = (
					"$(inherited)",
					"@executable_path/Frameworks",
					"@loader_path/Frameworks",
				);
				PRODUCT_BUNDLE_IDENTIFIER = com.franciscocardelle.VideoFeedTests;
				PRODUCT_NAME = "$(TARGET_NAME)";
				SWIFT_VERSION = 5.0;
				TARGETED_DEVICE_FAMILY = "1,2";
				TEST_HOST = "$(BUILT_PRODUCTS_DIR)/VideoFeed.app/VideoFeed";
			};
			name = Release;
		};
		6050EA1D24E1D5F00088A1C9 /* Debug */ = {
			isa = XCBuildConfiguration;
			buildSettings = {
				ALWAYS_EMBED_SWIFT_STANDARD_LIBRARIES = YES;
				CODE_SIGN_STYLE = Automatic;
				INFOPLIST_FILE = VideoFeedUITests/Info.plist;
				LD_RUNPATH_SEARCH_PATHS = (
					"$(inherited)",
					"@executable_path/Frameworks",
					"@loader_path/Frameworks",
				);
				PRODUCT_BUNDLE_IDENTIFIER = com.franciscocardelle.VideoFeedUITests;
				PRODUCT_NAME = "$(TARGET_NAME)";
				SWIFT_VERSION = 5.0;
				TARGETED_DEVICE_FAMILY = "1,2";
				TEST_TARGET_NAME = VideoFeed;
			};
			name = Debug;
		};
		6050EA1E24E1D5F00088A1C9 /* Release */ = {
			isa = XCBuildConfiguration;
			buildSettings = {
				ALWAYS_EMBED_SWIFT_STANDARD_LIBRARIES = YES;
				CODE_SIGN_STYLE = Automatic;
				INFOPLIST_FILE = VideoFeedUITests/Info.plist;
				LD_RUNPATH_SEARCH_PATHS = (
					"$(inherited)",
					"@executable_path/Frameworks",
					"@loader_path/Frameworks",
				);
				PRODUCT_BUNDLE_IDENTIFIER = com.franciscocardelle.VideoFeedUITests;
				PRODUCT_NAME = "$(TARGET_NAME)";
				SWIFT_VERSION = 5.0;
				TARGETED_DEVICE_FAMILY = "1,2";
				TEST_TARGET_NAME = VideoFeed;
			};
			name = Release;
		};
/* End XCBuildConfiguration section */

/* Begin XCConfigurationList section */
		6050E9E724E1D5EE0088A1C9 /* Build configuration list for PBXProject "VideoFeed" */ = {
			isa = XCConfigurationList;
			buildConfigurations = (
				6050EA1424E1D5F00088A1C9 /* Debug */,
				6050EA1524E1D5F00088A1C9 /* Release */,
			);
			defaultConfigurationIsVisible = 0;
			defaultConfigurationName = Release;
		};
		6050EA1624E1D5F00088A1C9 /* Build configuration list for PBXNativeTarget "VideoFeed" */ = {
			isa = XCConfigurationList;
			buildConfigurations = (
				6050EA1724E1D5F00088A1C9 /* Debug */,
				6050EA1824E1D5F00088A1C9 /* Release */,
			);
			defaultConfigurationIsVisible = 0;
			defaultConfigurationName = Release;
		};
		6050EA1924E1D5F00088A1C9 /* Build configuration list for PBXNativeTarget "VideoFeedTests" */ = {
			isa = XCConfigurationList;
			buildConfigurations = (
				6050EA1A24E1D5F00088A1C9 /* Debug */,
				6050EA1B24E1D5F00088A1C9 /* Release */,
			);
			defaultConfigurationIsVisible = 0;
			defaultConfigurationName = Release;
		};
		6050EA1C24E1D5F00088A1C9 /* Build configuration list for PBXNativeTarget "VideoFeedUITests" */ = {
			isa = XCConfigurationList;
			buildConfigurations = (
				6050EA1D24E1D5F00088A1C9 /* Debug */,
				6050EA1E24E1D5F00088A1C9 /* Release */,
			);
			defaultConfigurationIsVisible = 0;
			defaultConfigurationName = Release;
		};
/* End XCConfigurationList section */
	};
	rootObject = 6050E9E424E1D5EE0088A1C9 /* Project object */;
}
